
Microsoft Visual Studio Solution File, Format Version 12.00
# Visual Studio Version 16
VisualStudioVersion = 16.0.30114.105
MinimumVisualStudioVersion = 10.0.40219.1
Project("{2150E333-8FDC-42A3-9474-1A3956D46DE8}") = "src", "src", "{9D1D05F9-EDFC-4CF0-8030-4A51B457757C}"
EndProject
Project("{2150E333-8FDC-42A3-9474-1A3956D46DE8}") = "tests", "tests", "{3FF7AA35-DAB5-4983-A4A9-78AE100D75A5}"
EndProject
Project("{9A19103F-16F7-4668-BE54-9A1E7A4F7556}") = "Masny.Domain", "src\Masny.Domain\Masny.Domain.csproj", "{9D537C99-991A-409D-84B7-18BF936CF397}"
EndProject
Project("{9A19103F-16F7-4668-BE54-9A1E7A4F7556}") = "Masny.Application", "src\Masny.Application\Masny.Application.csproj", "{2F5EB5F1-7CBF-41B2-A796-16B634357CF4}"
EndProject
Project("{9A19103F-16F7-4668-BE54-9A1E7A4F7556}") = "Masny.Infrastructure", "src\Masny.Infrastructure\Masny.Infrastructure.csproj", "{E5C59CB2-63E2-4D81-9A77-32D97FCBA383}"
EndProject
Project("{9A19103F-16F7-4668-BE54-9A1E7A4F7556}") = "Masny.Worker", "src\Masny.Worker\Masny.Worker.csproj", "{9929CE7D-7196-4C9B-9B3F-6D709C3EE8B2}"
EndProject
Project("{2150E333-8FDC-42A3-9474-1A3956D46DE8}") = "Solution Items", "Solution Items", "{0B953BEE-8ACC-4B9F-9763-FD2B0AE5F68A}"
	ProjectSection(SolutionItems) = preProject
		.gitignore = .gitignore
		LICENSE = LICENSE
		README.md = README.md
	EndProjectSection
EndProject
Project("{FAE04EC0-301F-11D3-BF4B-00C04F79EFBC}") = "Masny.UnitTests", "tests\Masny.UnitTests\Masny.UnitTests.csproj", "{5C28C745-45C7-4535-A205-FE0AAF20B5B3}"
EndProject
Global
	GlobalSection(SolutionConfigurationPlatforms) = preSolution
		Debug|Any CPU = Debug|Any CPU
		Release|Any CPU = Release|Any CPU
	EndGlobalSection
	GlobalSection(ProjectConfigurationPlatforms) = postSolution
		{9D537C99-991A-409D-84B7-18BF936CF397}.Debug|Any CPU.ActiveCfg = Debug|Any CPU
		{9D537C99-991A-409D-84B7-18BF936CF397}.Debug|Any CPU.Build.0 = Debug|Any CPU
		{9D537C99-991A-409D-84B7-18BF936CF397}.Release|Any CPU.ActiveCfg = Release|Any CPU
		{9D537C99-991A-409D-84B7-18BF936CF397}.Release|Any CPU.Build.0 = Release|Any CPU
		{2F5EB5F1-7CBF-41B2-A796-16B634357CF4}.Debug|Any CPU.ActiveCfg = Debug|Any CPU
		{2F5EB5F1-7CBF-41B2-A796-16B634357CF4}.Debug|Any CPU.Build.0 = Debug|Any CPU
		{2F5EB5F1-7CBF-41B2-A796-16B634357CF4}.Release|Any CPU.ActiveCfg = Release|Any CPU
		{2F5EB5F1-7CBF-41B2-A796-16B634357CF4}.Release|Any CPU.Build.0 = Release|Any CPU
		{E5C59CB2-63E2-4D81-9A77-32D97FCBA383}.Debug|Any CPU.ActiveCfg = Debug|Any CPU
		{E5C59CB2-63E2-4D81-9A77-32D97FCBA383}.Debug|Any CPU.Build.0 = Debug|Any CPU
		{E5C59CB2-63E2-4D81-9A77-32D97FCBA383}.Release|Any CPU.ActiveCfg = Release|Any CPU
		{E5C59CB2-63E2-4D81-9A77-32D97FCBA383}.Release|Any CPU.Build.0 = Release|Any CPU
		{9929CE7D-7196-4C9B-9B3F-6D709C3EE8B2}.Debug|Any CPU.ActiveCfg = Debug|Any CPU
		{9929CE7D-7196-4C9B-9B3F-6D709C3EE8B2}.Debug|Any CPU.Build.0 = Debug|Any CPU
		{9929CE7D-7196-4C9B-9B3F-6D709C3EE8B2}.Release|Any CPU.ActiveCfg = Release|Any CPU
		{9929CE7D-7196-4C9B-9B3F-6D709C3EE8B2}.Release|Any CPU.Build.0 = Release|Any CPU
		{5C28C745-45C7-4535-A205-FE0AAF20B5B3}.Debug|Any CPU.ActiveCfg = Debug|Any CPU
		{5C28C745-45C7-4535-A205-FE0AAF20B5B3}.Debug|Any CPU.Build.0 = Debug|Any CPU
		{5C28C745-45C7-4535-A205-FE0AAF20B5B3}.Release|Any CPU.ActiveCfg = Release|Any CPU
		{5C28C745-45C7-4535-A205-FE0AAF20B5B3}.Release|Any CPU.Build.0 = Release|Any CPU
	EndGlobalSection
	GlobalSection(SolutionProperties) = preSolution
		HideSolutionNode = FALSE
	EndGlobalSection
	GlobalSection(NestedProjects) = preSolution
		{9D537C99-991A-409D-84B7-18BF936CF397} = {9D1D05F9-EDFC-4CF0-8030-4A51B457757C}
		{2F5EB5F1-7CBF-41B2-A796-16B634357CF4} = {9D1D05F9-EDFC-4CF0-8030-4A51B457757C}
		{E5C59CB2-63E2-4D81-9A77-32D97FCBA383} = {9D1D05F9-EDFC-4CF0-8030-4A51B457757C}
		{9929CE7D-7196-4C9B-9B3F-6D709C3EE8B2} = {9D1D05F9-EDFC-4CF0-8030-4A51B457757C}
		{5C28C745-45C7-4535-A205-FE0AAF20B5B3} = {3FF7AA35-DAB5-4983-A4A9-78AE100D75A5}
	EndGlobalSection
	GlobalSection(ExtensibilityGlobals) = postSolution
		SolutionGuid = {061F95ED-6208-4261-9087-B3FA4F3DAF81}
	EndGlobalSection
EndGlobal
